
Microsoft Visual Studio Solution File, Format Version 10.00
# Visual Studio 2008
Project("{8BC9CEB8-8B4A-11D0-8D11-00A0C91BC942}") = "L2DConvert", "tools\L2DConvert\L2DConvert.vcproj", "{D874272C-ABEF-4093-A183-F6EE0B6CEDCF}"
EndProject
Project("{8BC9CEB8-8B4A-11D0-8D11-00A0C91BC942}") = "libtinyxml", "vendor\tinyxml-2.6.2\libtinyxml.vcproj", "{FF5B6302-6F61-455F-B702-D307D601EC2F}"
EndProject
Project("{8BC9CEB8-8B4A-11D0-8D11-00A0C91BC942}") = "MsgGen", "tools\MsgGen\MsgGen.vcproj", "{E22E8EA2-4E6B-42BB-9A55-588AD245E20E}"
	ProjectSection(ProjectDependencies) = postProject
		{FF5B6302-6F61-455F-B702-D307D601EC2F} = {FF5B6302-6F61-455F-B702-D307D601EC2F}
	EndProjectSection
EndProject
Project("{8BC9CEB8-8B4A-11D0-8D11-00A0C91BC942}") = "UiImagePacker", "tools\UiImagePacker\UiImagePacker.vcproj", "{93BB0F52-9F03-4906-B764-95E6DDA6120C}"
	ProjectSection(ProjectDependencies) = postProject
		{FF5B6302-6F61-455F-B702-D307D601EC2F} = {FF5B6302-6F61-455F-B702-D307D601EC2F}
	EndProjectSection
EndProject
Global
	GlobalSection(SolutionConfigurationPlatforms) = preSolution
		Debug|Win32 = Debug|Win32
		Release|Win32 = Release|Win32
	EndGlobalSection
	GlobalSection(ProjectConfigurationPlatforms) = postSolution
		{D874272C-ABEF-4093-A183-F6EE0B6CEDCF}.Debug|Win32.ActiveCfg = Debug|Win32
		{D874272C-ABEF-4093-A183-F6EE0B6CEDCF}.Debug|Win32.Build.0 = Debug|Win32
		{D874272C-ABEF-4093-A183-F6EE0B6CEDCF}.Release|Win32.ActiveCfg = Release|Win32
		{D874272C-ABEF-4093-A183-F6EE0B6CEDCF}.Release|Win32.Build.0 = Release|Win32
		{FF5B6302-6F61-455F-B702-D307D601EC2F}.Debug|Win32.ActiveCfg = Debug|Win32
		{FF5B6302-6F61-455F-B702-D307D601EC2F}.Debug|Win32.Build.0 = Debug|Win32
		{FF5B6302-6F61-455F-B702-D307D601EC2F}.Release|Win32.ActiveCfg = Release|Win32
		{FF5B6302-6F61-455F-B702-D307D601EC2F}.Release|Win32.Build.0 = Release|Win32
		{E22E8EA2-4E6B-42BB-9A55-588AD245E20E}.Debug|Win32.ActiveCfg = Debug|Win32
		{E22E8EA2-4E6B-42BB-9A55-588AD245E20E}.Debug|Win32.Build.0 = Debug|Win32
		{E22E8EA2-4E6B-42BB-9A55-588AD245E20E}.Release|Win32.ActiveCfg = Release|Win32
		{E22E8EA2-4E6B-42BB-9A55-588AD245E20E}.Release|Win32.Build.0 = Release|Win32
		{93BB0F52-9F03-4906-B764-95E6DDA6120C}.Debug|Win32.ActiveCfg = Debug|Win32
		{93BB0F52-9F03-4906-B764-95E6DDA6120C}.Debug|Win32.Build.0 = Debug|Win32
		{93BB0F52-9F03-4906-B764-95E6DDA6120C}.Release|Win32.ActiveCfg = Release|Win32
		{93BB0F52-9F03-4906-B764-95E6DDA6120C}.Release|Win32.Build.0 = Release|Win32
	EndGlobalSection
	GlobalSection(SolutionProperties) = preSolution
		HideSolutionNode = FALSE
	EndGlobalSection
EndGlobal
