
Microsoft Visual Studio Solution File, Format Version 10.00
# Visual Studio 2008
Project("{8BC9CEB8-8B4A-11D0-8D11-00A0C91BC942}") = "win32_test", "win32_test.vcproj", "{9BD2FBD8-3EB9-436B-AB3F-D4DF09BD52CD}"
EndProject
Global
	GlobalSection(SolutionConfigurationPlatforms) = preSolution
		Debug|Win32 = Debug|Win32
		Release|Win32 = Release|Win32
	EndGlobalSection
	GlobalSection(ProjectConfigurationPlatforms) = postSolution
		{9BD2FBD8-3EB9-436B-AB3F-D4DF09BD52CD}.Debug|Win32.ActiveCfg = Debug|Win32
		{9BD2FBD8-3EB9-436B-AB3F-D4DF09BD52CD}.Debug|Win32.Build.0 = Debug|Win32
		{9BD2FBD8-3EB9-436B-AB3F-D4DF09BD52CD}.Release|Win32.ActiveCfg = Release|Win32
		{9BD2FBD8-3EB9-436B-AB3F-D4DF09BD52CD}.Release|Win32.Build.0 = Release|Win32
	EndGlobalSection
	GlobalSection(SolutionProperties) = preSolution
		HideSolutionNode = FALSE
	EndGlobalSection
EndGlobal
